<?xml version="1.0" encoding="utf-8"?>
<Project ToolsVersion="4.0" xmlns="http://schemas.microsoft.com/developer/msbuild/2003">
  <ItemGroup>
    <Filter Include="Source Files">
      <UniqueIdentifier>{4FC737F1-C7A5-4376-A066-2A32D752A2FF}</UniqueIdentifier>
      <Extensions>cpp;c;cc;cxx;def;odl;idl;hpj;bat;asm;asmx</Extensions>
    </Filter>
    <Filter Include="Header Files">
      <UniqueIdentifier>{93995380-89BD-4b04-88EB-625FBE52EBFB}</UniqueIdentifier>
      <Extensions>h;hh;hpp;hxx;hm;inl;inc;xsd</Extensions>
    </Filter>
    <Filter Include="Resource Files">
      <UniqueIdentifier>{67DA6AB6-F800-4c08-8B7A-83BB121AAD01}</UniqueIdentifier>
      <Extensions>rc;ico;cur;bmp;dlg;rc2;rct;bin;rgs;gif;jpg;jpeg;jpe;resx;tiff;tif;png;wav;mfcribbon-ms</Extensions>
    </Filter>
    <Filter Include="RakNet">
      <UniqueIdentifier>{b1cc753e-a34f-4520-848e-31f6063240b0}</UniqueIdentifier>
    </Filter>
    <Filter Include="Source Files\Packets">
      <UniqueIdentifier>{3819ca2c-0867-4d31-a151-eb8dfb3d97c2}</UniqueIdentifier>
    </Filter>
    <Filter Include="Header Files\Packets">
      <UniqueIdentifier>{4745c154-cbfc-4a34-9098-a9f796ae9894}</UniqueIdentifier>
    </Filter>
  </ItemGroup>
  <ItemGroup>
    <ClInclude Include="RakNet\Export.h">
      <Filter>RakNet</Filter>
    </ClInclude>
    <ClInclude Include="RakNet\MessageIdentifiers.h">
      <Filter>RakNet</Filter>
    </ClInclude>
    <ClInclude Include="RakNet\PacketPriority.h">
      <Filter>RakNet</Filter>
    </ClInclude>
    <ClInclude Include="RakNet\RakNetDefines.h">
      <Filter>RakNet</Filter>
    </ClInclude>
    <ClInclude Include="RakNet\RakNetTypes.h">
      <Filter>RakNet</Filter>
    </ClInclude>
    <ClInclude Include="RakNet\RakNetworkFactory.h">
      <Filter>RakNet</Filter>
    </ClInclude>
    <ClInclude Include="RakNet\RakPeerInterface.h">
      <Filter>RakNet</Filter>
    </ClInclude>
    <ClInclude Include="RakNet\_FindFirst.h">
      <Filter>RakNet</Filter>
    </ClInclude>
    <ClInclude Include="RakNet\AsynchronousFileIO.h">
      <Filter>RakNet</Filter>
    </ClInclude>
    <ClInclude Include="RakNet\AutopatcherPatchContext.h">
      <Filter>RakNet</Filter>
    </ClInclude>
    <ClInclude Include="RakNet\AutopatcherRepositoryInterface.h">
      <Filter>RakNet</Filter>
    </ClInclude>
    <ClInclude Include="RakNet\AutoRPC.h">
      <Filter>RakNet</Filter>
    </ClInclude>
    <ClInclude Include="RakNet\BigTypes.h">
      <Filter>RakNet</Filter>
    </ClInclude>
    <ClInclude Include="RakNet\BitStream.h">
      <Filter>RakNet</Filter>
    </ClInclude>
    <ClInclude Include="RakNet\BitStream_NoTemplate.h">
      <Filter>RakNet</Filter>
    </ClInclude>
    <ClInclude Include="RakNet\CheckSum.h">
      <Filter>RakNet</Filter>
    </ClInclude>
    <ClInclude Include="RakNet\ClientContextStruct.h">
      <Filter>RakNet</Filter>
    </ClInclude>
    <ClInclude Include="RakNet\CommandParserInterface.h">
      <Filter>RakNet</Filter>
    </ClInclude>
    <ClInclude Include="RakNet\ConnectionGraph.h">
      <Filter>RakNet</Filter>
    </ClInclude>
    <ClInclude Include="RakNet\ConsoleServer.h">
      <Filter>RakNet</Filter>
    </ClInclude>
    <ClInclude Include="RakNet\DataBlockEncryptor.h">
      <Filter>RakNet</Filter>
    </ClInclude>
    <ClInclude Include="RakNet\DataCompressor.h">
      <Filter>RakNet</Filter>
    </ClInclude>
    <ClInclude Include="RakNet\DirectoryDeltaTransfer.h">
      <Filter>RakNet</Filter>
    </ClInclude>
    <ClInclude Include="RakNet\DS_BinarySearchTree.h">
      <Filter>RakNet</Filter>
    </ClInclude>
    <ClInclude Include="RakNet\DS_BPlusTree.h">
      <Filter>RakNet</Filter>
    </ClInclude>
    <ClInclude Include="RakNet\DS_BytePool.h">
      <Filter>RakNet</Filter>
    </ClInclude>
    <ClInclude Include="RakNet\DS_ByteQueue.h">
      <Filter>RakNet</Filter>
    </ClInclude>
    <ClInclude Include="RakNet\DS_Heap.h">
      <Filter>RakNet</Filter>
    </ClInclude>
    <ClInclude Include="RakNet\DS_HuffmanEncodingTree.h">
      <Filter>RakNet</Filter>
    </ClInclude>
    <ClInclude Include="RakNet\DS_HuffmanEncodingTreeFactory.h">
      <Filter>RakNet</Filter>
    </ClInclude>
    <ClInclude Include="RakNet\DS_HuffmanEncodingTreeNode.h">
      <Filter>RakNet</Filter>
    </ClInclude>
    <ClInclude Include="RakNet\DS_LinkedList.h">
      <Filter>RakNet</Filter>
    </ClInclude>
    <ClInclude Include="RakNet\DS_List.h">
      <Filter>RakNet</Filter>
    </ClInclude>
    <ClInclude Include="RakNet\DS_Map.h">
      <Filter>RakNet</Filter>
    </ClInclude>
    <ClInclude Include="RakNet\DS_MemoryPool.h">
      <Filter>RakNet</Filter>
    </ClInclude>
    <ClInclude Include="RakNet\DS_OrderedChannelHeap.h">
      <Filter>RakNet</Filter>
    </ClInclude>
    <ClInclude Include="RakNet\DS_OrderedList.h">
      <Filter>RakNet</Filter>
    </ClInclude>
    <ClInclude Include="RakNet\DS_Queue.h">
      <Filter>RakNet</Filter>
    </ClInclude>
    <ClInclude Include="RakNet\DS_QueueLinkedList.h">
      <Filter>RakNet</Filter>
    </ClInclude>
    <ClInclude Include="RakNet\DS_RangeList.h">
      <Filter>RakNet</Filter>
    </ClInclude>
    <ClInclude Include="RakNet\DS_Table.h">
      <Filter>RakNet</Filter>
    </ClInclude>
    <ClInclude Include="RakNet\DS_Tree.h">
      <Filter>RakNet</Filter>
    </ClInclude>
    <ClInclude Include="RakNet\DS_WeightedGraph.h">
      <Filter>RakNet</Filter>
    </ClInclude>
    <ClInclude Include="RakNet\EmailSender.h">
      <Filter>RakNet</Filter>
    </ClInclude>
    <ClInclude Include="RakNet\EpochTimeToString.h">
      <Filter>RakNet</Filter>
    </ClInclude>
    <ClInclude Include="RakNet\ExtendedOverlappedPool.h">
      <Filter>RakNet</Filter>
    </ClInclude>
    <ClInclude Include="RakNet\FileList.h">
      <Filter>RakNet</Filter>
    </ClInclude>
    <ClInclude Include="RakNet\FileListTransfer.h">
      <Filter>RakNet</Filter>
    </ClInclude>
    <ClInclude Include="RakNet\FileListTransferCBInterface.h">
      <Filter>RakNet</Filter>
    </ClInclude>
    <ClInclude Include="RakNet\FileOperations.h">
      <Filter>RakNet</Filter>
    </ClInclude>
    <ClInclude Include="RakNet\FormatString.h">
      <Filter>RakNet</Filter>
    </ClInclude>
    <ClInclude Include="RakNet\FullyConnectedMesh.h">
      <Filter>RakNet</Filter>
    </ClInclude>
    <ClInclude Include="RakNet\FunctionThread.h">
      <Filter>RakNet</Filter>
    </ClInclude>
    <ClInclude Include="RakNet\Gen_RPC8.h">
      <Filter>RakNet</Filter>
    </ClInclude>
    <ClInclude Include="RakNet\GetTime.h">
      <Filter>RakNet</Filter>
    </ClInclude>
    <ClInclude Include="RakNet\GridSectorizer.h">
      <Filter>RakNet</Filter>
    </ClInclude>
    <ClInclude Include="RakNet\HTTPConnection.h">
      <Filter>RakNet</Filter>
    </ClInclude>
    <ClInclude Include="RakNet\InlineFunctor.h">
      <Filter>RakNet</Filter>
    </ClInclude>
    <ClInclude Include="RakNet\InternalPacket.h">
      <Filter>RakNet</Filter>
    </ClInclude>
    <ClInclude Include="RakNet\Itoa.h">
      <Filter>RakNet</Filter>
    </ClInclude>
    <ClInclude Include="RakNet\Kbhit.h">
      <Filter>RakNet</Filter>
    </ClInclude>
    <ClInclude Include="RakNet\LightweightDatabaseClient.h">
      <Filter>RakNet</Filter>
    </ClInclude>
    <ClInclude Include="RakNet\LightweightDatabaseCommon.h">
      <Filter>RakNet</Filter>
    </ClInclude>
    <ClInclude Include="RakNet\LightweightDatabaseServer.h">
      <Filter>RakNet</Filter>
    </ClInclude>
    <ClInclude Include="RakNet\LinuxStrings.h">
      <Filter>RakNet</Filter>
    </ClInclude>
    <ClInclude Include="RakNet\LogCommandParser.h">
      <Filter>RakNet</Filter>
    </ClInclude>
    <ClInclude Include="RakNet\MessageFilter.h">
      <Filter>RakNet</Filter>
    </ClInclude>
    <ClInclude Include="RakNet\MTUSize.h">
      <Filter>RakNet</Filter>
    </ClInclude>
    <ClInclude Include="RakNet\NatPunchthrough.h">
      <Filter>RakNet</Filter>
    </ClInclude>
    <ClInclude Include="RakNet\NetworkIDManager.h">
      <Filter>RakNet</Filter>
    </ClInclude>
    <ClInclude Include="RakNet\NetworkIDObject.h">
      <Filter>RakNet</Filter>
    </ClInclude>
    <ClInclude Include="RakNet\PacketConsoleLogger.h">
      <Filter>RakNet</Filter>
    </ClInclude>
    <ClInclude Include="RakNet\PacketFileLogger.h">
      <Filter>RakNet</Filter>
    </ClInclude>
    <ClInclude Include="RakNet\PacketLogger.h">
      <Filter>RakNet</Filter>
    </ClInclude>
    <ClInclude Include="RakNet\PacketPool.h">
      <Filter>RakNet</Filter>
    </ClInclude>
    <ClInclude Include="RakNet\PluginInterface.h">
      <Filter>RakNet</Filter>
    </ClInclude>
    <ClInclude Include="RakNet\RakAssert.h">
      <Filter>RakNet</Filter>
    </ClInclude>
    <ClInclude Include="RakNet\RakMemoryOverride.h">
      <Filter>RakNet</Filter>
    </ClInclude>
    <ClInclude Include="RakNet\RakNetCommandParser.h">
      <Filter>RakNet</Filter>
    </ClInclude>
    <ClInclude Include="RakNet\RakNetStatistics.h">
      <Filter>RakNet</Filter>
    </ClInclude>
    <ClInclude Include="RakNet\RakNetTransport.h">
      <Filter>RakNet</Filter>
    </ClInclude>
    <ClInclude Include="RakNet\RakNetVersion.h">
      <Filter>RakNet</Filter>
    </ClInclude>
    <ClInclude Include="RakNet\RakPeer.h">
      <Filter>RakNet</Filter>
    </ClInclude>
    <ClInclude Include="RakNet\RakSleep.h">
      <Filter>RakNet</Filter>
    </ClInclude>
    <ClInclude Include="RakNet\RakString.h">
      <Filter>RakNet</Filter>
    </ClInclude>
    <ClInclude Include="RakNet\RakThread.h">
      <Filter>RakNet</Filter>
    </ClInclude>
    <ClInclude Include="RakNet\Rand.h">
      <Filter>RakNet</Filter>
    </ClInclude>
    <ClInclude Include="RakNet\ReadyEvent.h">
      <Filter>RakNet</Filter>
    </ClInclude>
    <ClInclude Include="RakNet\RefCountedObj.h">
      <Filter>RakNet</Filter>
    </ClInclude>
    <ClInclude Include="RakNet\ReliabilityLayer.h">
      <Filter>RakNet</Filter>
    </ClInclude>
    <ClInclude Include="RakNet\Replica.h">
      <Filter>RakNet</Filter>
    </ClInclude>
    <ClInclude Include="RakNet\ReplicaEnums.h">
      <Filter>RakNet</Filter>
    </ClInclude>
    <ClInclude Include="RakNet\ReplicaManager.h">
      <Filter>RakNet</Filter>
    </ClInclude>
    <ClInclude Include="RakNet\ReplicaManager2.h">
      <Filter>RakNet</Filter>
    </ClInclude>
    <ClInclude Include="RakNet\Rijndael.h">
      <Filter>RakNet</Filter>
    </ClInclude>
    <ClInclude Include="RakNet\Rijndael-Boxes.h">
      <Filter>RakNet</Filter>
    </ClInclude>
    <ClInclude Include="RakNet\Router.h">
      <Filter>RakNet</Filter>
    </ClInclude>
    <ClInclude Include="RakNet\RouterInterface.h">
      <Filter>RakNet</Filter>
    </ClInclude>
    <ClInclude Include="RakNet\RPCMap.h">
      <Filter>RakNet</Filter>
    </ClInclude>
    <ClInclude Include="RakNet\RPCNode.h">
      <Filter>RakNet</Filter>
    </ClInclude>
    <ClInclude Include="RakNet\RSACrypt.h">
      <Filter>RakNet</Filter>
    </ClInclude>
    <ClInclude Include="RakNet\SHA1.h">
      <Filter>RakNet</Filter>
    </ClInclude>
    <ClInclude Include="RakNet\SimpleMutex.h">
      <Filter>RakNet</Filter>
    </ClInclude>
    <ClInclude Include="RakNet\SimpleTCPServer.h">
      <Filter>RakNet</Filter>
    </ClInclude>
    <ClInclude Include="RakNet\SingleProducerConsumer.h">
      <Filter>RakNet</Filter>
    </ClInclude>
    <ClInclude Include="RakNet\SocketLayer.h">
      <Filter>RakNet</Filter>
    </ClInclude>
    <ClInclude Include="RakNet\StringCompressor.h">
      <Filter>RakNet</Filter>
    </ClInclude>
    <ClInclude Include="RakNet\StringTable.h">
      <Filter>RakNet</Filter>
    </ClInclude>
    <ClInclude Include="RakNet\SuperFastHash.h">
      <Filter>RakNet</Filter>
    </ClInclude>
    <ClInclude Include="RakNet\SystemAddressList.h">
      <Filter>RakNet</Filter>
    </ClInclude>
    <ClInclude Include="RakNet\TableSerializer.h">
      <Filter>RakNet</Filter>
    </ClInclude>
    <ClInclude Include="RakNet\TCPInterface.h">
      <Filter>RakNet</Filter>
    </ClInclude>
    <ClInclude Include="RakNet\TelnetTransport.h">
      <Filter>RakNet</Filter>
    </ClInclude>
    <ClInclude Include="RakNet\ThreadPool.h">
      <Filter>RakNet</Filter>
    </ClInclude>
    <ClInclude Include="RakNet\ThreadsafePacketLogger.h">
      <Filter>RakNet</Filter>
    </ClInclude>
    <ClInclude Include="RakNet\TransportInterface.h">
      <Filter>RakNet</Filter>
    </ClInclude>
    <ClInclude Include="RakNet\Types.h">
      <Filter>RakNet</Filter>
    </ClInclude>
    <ClInclude Include="Source\lwoPacketIdentifiers.h">
      <Filter>Header Files</Filter>
    </ClInclude>
    <ClInclude Include="Source\lwoPacketHandler.h">
      <Filter>Header Files</Filter>
    </ClInclude>
    <ClInclude Include="Source\Packets\lwoServerPackets.h">
      <Filter>Header Files\Packets</Filter>
    </ClInclude>
    <ClInclude Include="Source\Packets\lwoAuthPackets.h">
      <Filter>Header Files\Packets</Filter>
    </ClInclude>
    <ClInclude Include="Source\Packets\lwoPacketUtils.h">
      <Filter>Header Files\Packets</Filter>
    </ClInclude>
    <ClInclude Include="Source\Database.h">
      <Filter>Header Files</Filter>
    </ClInclude>
    <ClInclude Include="Source\sha256.h">
      <Filter>Header Files</Filter>
    </ClInclude>
    <ClInclude Include="Source\Packets\lwoWorldPackets.h">
      <Filter>Header Files\Packets</Filter>
    </ClInclude>
  </ItemGroup>
  <ItemGroup>
    <ClCompile Include="RakNet\_FindFirst.cpp">
      <Filter>RakNet</Filter>
    </ClCompile>
    <ClCompile Include="RakNet\AsynchronousFileIO.cpp">
      <Filter>RakNet</Filter>
    </ClCompile>
    <ClCompile Include="RakNet\AutoRPC.cpp">
      <Filter>RakNet</Filter>
    </ClCompile>
    <ClCompile Include="RakNet\BitStream.cpp">
      <Filter>RakNet</Filter>
    </ClCompile>
    <ClCompile Include="RakNet\BitStream_NoTemplate.cpp">
      <Filter>RakNet</Filter>
    </ClCompile>
    <ClCompile Include="RakNet\CheckSum.cpp">
      <Filter>RakNet</Filter>
    </ClCompile>
    <ClCompile Include="RakNet\CommandParserInterface.cpp">
      <Filter>RakNet</Filter>
    </ClCompile>
    <ClCompile Include="RakNet\ConnectionGraph.cpp">
      <Filter>RakNet</Filter>
    </ClCompile>
    <ClCompile Include="RakNet\ConsoleServer.cpp">
      <Filter>RakNet</Filter>
    </ClCompile>
    <ClCompile Include="RakNet\DataBlockEncryptor.cpp">
      <Filter>RakNet</Filter>
    </ClCompile>
    <ClCompile Include="RakNet\DataCompressor.cpp">
      <Filter>RakNet</Filter>
    </ClCompile>
    <ClCompile Include="RakNet\DirectoryDeltaTransfer.cpp">
      <Filter>RakNet</Filter>
    </ClCompile>
    <ClCompile Include="RakNet\DS_BytePool.cpp">
      <Filter>RakNet</Filter>
    </ClCompile>
    <ClCompile Include="RakNet\DS_ByteQueue.cpp">
      <Filter>RakNet</Filter>
    </ClCompile>
    <ClCompile Include="RakNet\DS_HuffmanEncodingTree.cpp">
      <Filter>RakNet</Filter>
    </ClCompile>
    <ClCompile Include="RakNet\DS_Table.cpp">
      <Filter>RakNet</Filter>
    </ClCompile>
    <ClCompile Include="RakNet\EmailSender.cpp">
      <Filter>RakNet</Filter>
    </ClCompile>
    <ClCompile Include="RakNet\EncodeClassName.cpp">
      <Filter>RakNet</Filter>
    </ClCompile>
    <ClCompile Include="RakNet\EpochTimeToString.cpp">
      <Filter>RakNet</Filter>
    </ClCompile>
    <ClCompile Include="RakNet\ExtendedOverlappedPool.cpp">
      <Filter>RakNet</Filter>
    </ClCompile>
    <ClCompile Include="RakNet\FileList.cpp">
      <Filter>RakNet</Filter>
    </ClCompile>
    <ClCompile Include="RakNet\FileListTransfer.cpp">
      <Filter>RakNet</Filter>
    </ClCompile>
    <ClCompile Include="RakNet\FileOperations.cpp">
      <Filter>RakNet</Filter>
    </ClCompile>
    <ClCompile Include="RakNet\FormatString.cpp">
      <Filter>RakNet</Filter>
    </ClCompile>
    <ClCompile Include="RakNet\FullyConnectedMesh.cpp">
      <Filter>RakNet</Filter>
    </ClCompile>
    <ClCompile Include="RakNet\FunctionThread.cpp">
      <Filter>RakNet</Filter>
    </ClCompile>
    <ClCompile Include="RakNet\Gen_RPC8.cpp">
      <Filter>RakNet</Filter>
    </ClCompile>
    <ClCompile Include="RakNet\GetTime.cpp">
      <Filter>RakNet</Filter>
    </ClCompile>
    <ClCompile Include="RakNet\GridSectorizer.cpp">
      <Filter>RakNet</Filter>
    </ClCompile>
    <ClCompile Include="RakNet\HTTPConnection.cpp">
      <Filter>RakNet</Filter>
    </ClCompile>
    <ClCompile Include="RakNet\InlineFunctor.cpp">
      <Filter>RakNet</Filter>
    </ClCompile>
    <ClCompile Include="RakNet\Itoa.cpp">
      <Filter>RakNet</Filter>
    </ClCompile>
    <ClCompile Include="RakNet\LightweightDatabaseClient.cpp">
      <Filter>RakNet</Filter>
    </ClCompile>
    <ClCompile Include="RakNet\LightweightDatabaseCommon.cpp">
      <Filter>RakNet</Filter>
    </ClCompile>
    <ClCompile Include="RakNet\LightweightDatabaseServer.cpp">
      <Filter>RakNet</Filter>
    </ClCompile>
    <ClCompile Include="RakNet\LinuxStrings.cpp">
      <Filter>RakNet</Filter>
    </ClCompile>
    <ClCompile Include="RakNet\LogCommandParser.cpp">
      <Filter>RakNet</Filter>
    </ClCompile>
    <ClCompile Include="RakNet\MessageFilter.cpp">
      <Filter>RakNet</Filter>
    </ClCompile>
    <ClCompile Include="RakNet\NatPunchthrough.cpp">
      <Filter>RakNet</Filter>
    </ClCompile>
    <ClCompile Include="RakNet\NetworkIDManager.cpp">
      <Filter>RakNet</Filter>
    </ClCompile>
    <ClCompile Include="RakNet\NetworkIDObject.cpp">
      <Filter>RakNet</Filter>
    </ClCompile>
    <ClCompile Include="RakNet\PacketConsoleLogger.cpp">
      <Filter>RakNet</Filter>
    </ClCompile>
    <ClCompile Include="RakNet\PacketFileLogger.cpp">
      <Filter>RakNet</Filter>
    </ClCompile>
    <ClCompile Include="RakNet\PacketLogger.cpp">
      <Filter>RakNet</Filter>
    </ClCompile>
    <ClCompile Include="RakNet\PluginInterface.cpp">
      <Filter>RakNet</Filter>
    </ClCompile>
    <ClCompile Include="RakNet\RakMemoryOverride.cpp">
      <Filter>RakNet</Filter>
    </ClCompile>
    <ClCompile Include="RakNet\RakNetCommandParser.cpp">
      <Filter>RakNet</Filter>
    </ClCompile>
    <ClCompile Include="RakNet\RakNetStatistics.cpp">
      <Filter>RakNet</Filter>
    </ClCompile>
    <ClCompile Include="RakNet\RakNetTransport.cpp">
      <Filter>RakNet</Filter>
    </ClCompile>
    <ClCompile Include="RakNet\RakNetTypes.cpp">
      <Filter>RakNet</Filter>
    </ClCompile>
    <ClCompile Include="RakNet\RakNetworkFactory.cpp">
      <Filter>RakNet</Filter>
    </ClCompile>
    <ClCompile Include="RakNet\RakPeer.cpp">
      <Filter>RakNet</Filter>
    </ClCompile>
    <ClCompile Include="RakNet\RakSleep.cpp">
      <Filter>RakNet</Filter>
    </ClCompile>
    <ClCompile Include="RakNet\RakString.cpp">
      <Filter>RakNet</Filter>
    </ClCompile>
    <ClCompile Include="RakNet\RakThread.cpp">
      <Filter>RakNet</Filter>
    </ClCompile>
    <ClCompile Include="RakNet\Rand.cpp">
      <Filter>RakNet</Filter>
    </ClCompile>
    <ClCompile Include="RakNet\ReadyEvent.cpp">
      <Filter>RakNet</Filter>
    </ClCompile>
    <ClCompile Include="RakNet\ReliabilityLayer.cpp">
      <Filter>RakNet</Filter>
    </ClCompile>
    <ClCompile Include="RakNet\ReplicaManager.cpp">
      <Filter>RakNet</Filter>
    </ClCompile>
    <ClCompile Include="RakNet\ReplicaManager2.cpp">
      <Filter>RakNet</Filter>
    </ClCompile>
    <ClCompile Include="RakNet\rijndael.cpp">
      <Filter>RakNet</Filter>
    </ClCompile>
    <ClCompile Include="RakNet\Router.cpp">
      <Filter>RakNet</Filter>
    </ClCompile>
    <ClCompile Include="RakNet\RPCMap.cpp">
      <Filter>RakNet</Filter>
    </ClCompile>
    <ClCompile Include="RakNet\SHA1.cpp">
      <Filter>RakNet</Filter>
    </ClCompile>
    <ClCompile Include="RakNet\SimpleMutex.cpp">
      <Filter>RakNet</Filter>
    </ClCompile>
    <ClCompile Include="RakNet\SocketLayer.cpp">
      <Filter>RakNet</Filter>
    </ClCompile>
    <ClCompile Include="RakNet\StringCompressor.cpp">
      <Filter>RakNet</Filter>
    </ClCompile>
    <ClCompile Include="RakNet\StringTable.cpp">
      <Filter>RakNet</Filter>
    </ClCompile>
    <ClCompile Include="RakNet\SuperFastHash.cpp">
      <Filter>RakNet</Filter>
    </ClCompile>
    <ClCompile Include="RakNet\SystemAddressList.cpp">
      <Filter>RakNet</Filter>
    </ClCompile>
    <ClCompile Include="RakNet\TableSerializer.cpp">
      <Filter>RakNet</Filter>
    </ClCompile>
    <ClCompile Include="RakNet\TCPInterface.cpp">
      <Filter>RakNet</Filter>
    </ClCompile>
    <ClCompile Include="RakNet\TelnetTransport.cpp">
      <Filter>RakNet</Filter>
    </ClCompile>
    <ClCompile Include="RakNet\ThreadsafePacketLogger.cpp">
      <Filter>RakNet</Filter>
    </ClCompile>
    <ClCompile Include="Source\lwoPacketHandler.cpp">
      <Filter>Source Files</Filter>
    </ClCompile>
    <ClCompile Include="Source\Packets\lwoServerPackets.cpp">
      <Filter>Source Files\Packets</Filter>
    </ClCompile>
    <ClCompile Include="Source\Packets\lwoAuthPackets.cpp">
      <Filter>Source Files\Packets</Filter>
    </ClCompile>
    <ClCompile Include="Source\Packets\lwoPacketUtils.cpp">
      <Filter>Source Files\Packets</Filter>
    </ClCompile>
    <ClCompile Include="Source\Database.cpp">
      <Filter>Source Files</Filter>
    </ClCompile>
    <ClCompile Include="Source\sha256.cpp">
      <Filter>Source Files</Filter>
    </ClCompile>
    <ClCompile Include="Source\lwoWorld.cpp">
      <Filter>Source Files</Filter>
    </ClCompile>
    <ClCompile Include="Source\Packets\lwoWorldPackets.cpp">
      <Filter>Source Files\Packets</Filter>
    </ClCompile>
  </ItemGroup>
  <ItemGroup>
    <None Include="RakNet\Makefile.am">
      <Filter>RakNet</Filter>
    </None>
    <None Include="RakNet\RakNet.vcproj">
      <Filter>RakNet</Filter>
    </None>
    <None Include="RakNet\RakNet_vc8.vcproj">
      <Filter>RakNet</Filter>
    </None>
    <None Include="RakNet\RakNet3.0.vcproj">
      <Filter>RakNet</Filter>
    </None>
    <None Include="RakNet\RakNet3.0.vcproj.user">
      <Filter>RakNet</Filter>
    </None>
  </ItemGroup>
</Project>